
Microsoft Visual Studio Solution File, Format Version 12.00
# Visual Studio 15
VisualStudioVersion = 15.0.27428.2011
MinimumVisualStudioVersion = 10.0.40219.1
Project("{FAE04EC0-301F-11D3-BF4B-00C04F79EFBC}") = "GeocodeConverter", "GeocodeConverter\GeocodeConverter.csproj", "{D93D30AF-1F5D-45BD-B80B-2B1C3B3FF33C}"
EndProject
Global
	GlobalSection(SolutionConfigurationPlatforms) = preSolution
		Debug|Any CPU = Debug|Any CPU
		Release|Any CPU = Release|Any CPU
	EndGlobalSection
	GlobalSection(ProjectConfigurationPlatforms) = postSolution
		{D93D30AF-1F5D-45BD-B80B-2B1C3B3FF33C}.Debug|Any CPU.ActiveCfg = Debug|Any CPU
		{D93D30AF-1F5D-45BD-B80B-2B1C3B3FF33C}.Debug|Any CPU.Build.0 = Debug|Any CPU
		{D93D30AF-1F5D-45BD-B80B-2B1C3B3FF33C}.Release|Any CPU.ActiveCfg = Release|Any CPU
		{D93D30AF-1F5D-45BD-B80B-2B1C3B3FF33C}.Release|Any CPU.Build.0 = Release|Any CPU
	EndGlobalSection
	GlobalSection(SolutionProperties) = preSolution
		HideSolutionNode = FALSE
	EndGlobalSection
	GlobalSection(ExtensibilityGlobals) = postSolution
		SolutionGuid = {27F687AA-0626-4F6A-AC04-4612377F4932}
	EndGlobalSection
EndGlobal
